// !$*UTF8*$!
{
	archiveVersion = 1;
	classes = {
	};
	objectVersion = 56;
	objects = {

/* Begin PBXBuildFile section */
		6E32DB382C5A1C2000E24F9C /* UberCloneApp.swift in Sources */ = {isa = PBXBuildFile; fileRef = 6E32DB372C5A1C2000E24F9C /* UberCloneApp.swift */; };
		6E32DB3C2C5A1C2200E24F9C /* Assets.xcassets in Resources */ = {isa = PBXBuildFile; fileRef = 6E32DB3B2C5A1C2200E24F9C /* Assets.xcassets */; };
		6E32DB3F2C5A1C2200E24F9C /* Preview Assets.xcassets in Resources */ = {isa = PBXBuildFile; fileRef = 6E32DB3E2C5A1C2200E24F9C /* Preview Assets.xcassets */; };
		6E32DB4F2C5A1DA300E24F9C /* HomeView.swift in Sources */ = {isa = PBXBuildFile; fileRef = 6E32DB4E2C5A1DA300E24F9C /* HomeView.swift */; };
		6E32DB512C5A1E6E00E24F9C /* UberMapViewRepresentable.swift in Sources */ = {isa = PBXBuildFile; fileRef = 6E32DB502C5A1E6E00E24F9C /* UberMapViewRepresentable.swift */; };
		6E32DB532C5A219300E24F9C /* LocationManager.swift in Sources */ = {isa = PBXBuildFile; fileRef = 6E32DB522C5A219300E24F9C /* LocationManager.swift */; };
		6E3EB4132C8623D100FC3618 /* User.swift in Sources */ = {isa = PBXBuildFile; fileRef = 6E3EB4122C8623D100FC3618 /* User.swift */; };
		6E5414602C6E132E00BE802D /* LocationSearchActivationView.swift in Sources */ = {isa = PBXBuildFile; fileRef = 6E54145F2C6E132E00BE802D /* LocationSearchActivationView.swift */; };
		6E5414622C6E19E300BE802D /* MapViewActionButton.swift in Sources */ = {isa = PBXBuildFile; fileRef = 6E5414612C6E19E300BE802D /* MapViewActionButton.swift */; };
		6E5414642C6E1B5300BE802D /* LocationSearchView.swift in Sources */ = {isa = PBXBuildFile; fileRef = 6E5414632C6E1B5300BE802D /* LocationSearchView.swift */; };
		6E5414662C6E204000BE802D /* LocationSearchResultCell.swift in Sources */ = {isa = PBXBuildFile; fileRef = 6E5414652C6E204000BE802D /* LocationSearchResultCell.swift */; };
		6E5414682C6E2F2C00BE802D /* LocationSearchViewModel.swift in Sources */ = {isa = PBXBuildFile; fileRef = 6E5414672C6E2F2C00BE802D /* LocationSearchViewModel.swift */; };
		6E905A9A2C71020B00E75AF8 /* MapViewState.swift in Sources */ = {isa = PBXBuildFile; fileRef = 6E905A992C71020B00E75AF8 /* MapViewState.swift */; };
		6E905A9D2C71E8DF00E75AF8 /* RideRequestView.swift in Sources */ = {isa = PBXBuildFile; fileRef = 6E905A9C2C71E8DF00E75AF8 /* RideRequestView.swift */; };
		6E905A9F2C7233DE00E75AF8 /* RideType.swift in Sources */ = {isa = PBXBuildFile; fileRef = 6E905A9E2C7233DE00E75AF8 /* RideType.swift */; };
		6E905AA12C7251C300E75AF8 /* Double.swift in Sources */ = {isa = PBXBuildFile; fileRef = 6E905AA02C7251C300E75AF8 /* Double.swift */; };
		6E905AA32C725A6800E75AF8 /* UberLocation.swift in Sources */ = {isa = PBXBuildFile; fileRef = 6E905AA22C725A6800E75AF8 /* UberLocation.swift */; };
		6E905AA52C73B6E000E75AF8 /* Color.swift in Sources */ = {isa = PBXBuildFile; fileRef = 6E905AA42C73B6E000E75AF8 /* Color.swift */; };
		6EFEA9622C8364E10027CE7F /* LoginView.swift in Sources */ = {isa = PBXBuildFile; fileRef = 6EFEA9612C8364E10027CE7F /* LoginView.swift */; };
		6EFEA9642C8364EE0027CE7F /* RegistrationView.swift in Sources */ = {isa = PBXBuildFile; fileRef = 6EFEA9632C8364EE0027CE7F /* RegistrationView.swift */; };
		6EFEA9672C8463690027CE7F /* CustomInputField.swift in Sources */ = {isa = PBXBuildFile; fileRef = 6EFEA9662C8463690027CE7F /* CustomInputField.swift */; };
		6EFEA9692C848F9A0027CE7F /* GoogleService-Info.plist in Resources */ = {isa = PBXBuildFile; fileRef = 6EFEA9682C848F9A0027CE7F /* GoogleService-Info.plist */; };
		6EFEA96C2C8490B90027CE7F /* FirebaseAuth in Frameworks */ = {isa = PBXBuildFile; productRef = 6EFEA96B2C8490B90027CE7F /* FirebaseAuth */; };
		6EFEA96E2C8490B90027CE7F /* FirebaseFirestore in Frameworks */ = {isa = PBXBuildFile; productRef = 6EFEA96D2C8490B90027CE7F /* FirebaseFirestore */; };
		6EFEA9702C8490B90027CE7F /* FirebaseStorage in Frameworks */ = {isa = PBXBuildFile; productRef = 6EFEA96F2C8490B90027CE7F /* FirebaseStorage */; };
		6EFEA9722C8495470027CE7F /* AuthViewModel.swift in Sources */ = {isa = PBXBuildFile; fileRef = 6EFEA9712C8495470027CE7F /* AuthViewModel.swift */; };
/* End PBXBuildFile section */

/* Begin PBXFileReference section */
		6E32DB342C5A1C2000E24F9C /* UberClone.app */ = {isa = PBXFileReference; explicitFileType = wrapper.application; includeInIndex = 0; path = UberClone.app; sourceTree = BUILT_PRODUCTS_DIR; };
		6E32DB372C5A1C2000E24F9C /* UberCloneApp.swift */ = {isa = PBXFileReference; lastKnownFileType = sourcecode.swift; path = UberCloneApp.swift; sourceTree = "<group>"; };
		6E32DB3B2C5A1C2200E24F9C /* Assets.xcassets */ = {isa = PBXFileReference; lastKnownFileType = folder.assetcatalog; path = Assets.xcassets; sourceTree = "<group>"; };
		6E32DB3E2C5A1C2200E24F9C /* Preview Assets.xcassets */ = {isa = PBXFileReference; lastKnownFileType = folder.assetcatalog; path = "Preview Assets.xcassets"; sourceTree = "<group>"; };
		6E32DB4E2C5A1DA300E24F9C /* HomeView.swift */ = {isa = PBXFileReference; lastKnownFileType = sourcecode.swift; path = HomeView.swift; sourceTree = "<group>"; };
		6E32DB502C5A1E6E00E24F9C /* UberMapViewRepresentable.swift */ = {isa = PBXFileReference; lastKnownFileType = sourcecode.swift; path = UberMapViewRepresentable.swift; sourceTree = "<group>"; };
		6E32DB522C5A219300E24F9C /* LocationManager.swift */ = {isa = PBXFileReference; lastKnownFileType = sourcecode.swift; path = LocationManager.swift; sourceTree = "<group>"; };
		6E32DB542C5A244F00E24F9C /* Info.plist */ = {isa = PBXFileReference; lastKnownFileType = text.plist; path = Info.plist; sourceTree = "<group>"; };
		6E3EB4122C8623D100FC3618 /* User.swift */ = {isa = PBXFileReference; lastKnownFileType = sourcecode.swift; path = User.swift; sourceTree = "<group>"; };
		6E54145F2C6E132E00BE802D /* LocationSearchActivationView.swift */ = {isa = PBXFileReference; lastKnownFileType = sourcecode.swift; path = LocationSearchActivationView.swift; sourceTree = "<group>"; };
		6E5414612C6E19E300BE802D /* MapViewActionButton.swift */ = {isa = PBXFileReference; lastKnownFileType = sourcecode.swift; path = MapViewActionButton.swift; sourceTree = "<group>"; };
		6E5414632C6E1B5300BE802D /* LocationSearchView.swift */ = {isa = PBXFileReference; lastKnownFileType = sourcecode.swift; path = LocationSearchView.swift; sourceTree = "<group>"; };
		6E5414652C6E204000BE802D /* LocationSearchResultCell.swift */ = {isa = PBXFileReference; lastKnownFileType = sourcecode.swift; path = LocationSearchResultCell.swift; sourceTree = "<group>"; };
		6E5414672C6E2F2C00BE802D /* LocationSearchViewModel.swift */ = {isa = PBXFileReference; lastKnownFileType = sourcecode.swift; path = LocationSearchViewModel.swift; sourceTree = "<group>"; };
		6E905A992C71020B00E75AF8 /* MapViewState.swift */ = {isa = PBXFileReference; lastKnownFileType = sourcecode.swift; path = MapViewState.swift; sourceTree = "<group>"; };
		6E905A9C2C71E8DF00E75AF8 /* RideRequestView.swift */ = {isa = PBXFileReference; lastKnownFileType = sourcecode.swift; path = RideRequestView.swift; sourceTree = "<group>"; };
		6E905A9E2C7233DE00E75AF8 /* RideType.swift */ = {isa = PBXFileReference; lastKnownFileType = sourcecode.swift; path = RideType.swift; sourceTree = "<group>"; };
		6E905AA02C7251C300E75AF8 /* Double.swift */ = {isa = PBXFileReference; lastKnownFileType = sourcecode.swift; path = Double.swift; sourceTree = "<group>"; };
		6E905AA22C725A6800E75AF8 /* UberLocation.swift */ = {isa = PBXFileReference; lastKnownFileType = sourcecode.swift; path = UberLocation.swift; sourceTree = "<group>"; };
		6E905AA42C73B6E000E75AF8 /* Color.swift */ = {isa = PBXFileReference; lastKnownFileType = sourcecode.swift; path = Color.swift; sourceTree = "<group>"; };
		6EFEA9612C8364E10027CE7F /* LoginView.swift */ = {isa = PBXFileReference; lastKnownFileType = sourcecode.swift; path = LoginView.swift; sourceTree = "<group>"; };
		6EFEA9632C8364EE0027CE7F /* RegistrationView.swift */ = {isa = PBXFileReference; lastKnownFileType = sourcecode.swift; path = RegistrationView.swift; sourceTree = "<group>"; };
		6EFEA9662C8463690027CE7F /* CustomInputField.swift */ = {isa = PBXFileReference; lastKnownFileType = sourcecode.swift; path = CustomInputField.swift; sourceTree = "<group>"; };
		6EFEA9682C848F9A0027CE7F /* GoogleService-Info.plist */ = {isa = PBXFileReference; fileEncoding = 4; lastKnownFileType = text.plist.xml; path = "GoogleService-Info.plist"; sourceTree = "<group>"; };
		6EFEA9712C8495470027CE7F /* AuthViewModel.swift */ = {isa = PBXFileReference; lastKnownFileType = sourcecode.swift; path = AuthViewModel.swift; sourceTree = "<group>"; };
/* End PBXFileReference section */

/* Begin PBXFrameworksBuildPhase section */
		6E32DB312C5A1C2000E24F9C /* Frameworks */ = {
			isa = PBXFrameworksBuildPhase;
			buildActionMask = 2147483647;
			files = (
				6EFEA96C2C8490B90027CE7F /* FirebaseAuth in Frameworks */,
				6EFEA96E2C8490B90027CE7F /* FirebaseFirestore in Frameworks */,
				6EFEA9702C8490B90027CE7F /* FirebaseStorage in Frameworks */,
			);
			runOnlyForDeploymentPostprocessing = 0;
		};
/* End PBXFrameworksBuildPhase section */

/* Begin PBXGroup section */
		6E32DB2B2C5A1C2000E24F9C = {
			isa = PBXGroup;
			children = (
				6E32DB362C5A1C2000E24F9C /* UberClone */,
				6E32DB352C5A1C2000E24F9C /* Products */,
			);
			sourceTree = "<group>";
		};
		6E32DB352C5A1C2000E24F9C /* Products */ = {
			isa = PBXGroup;
			children = (
				6E32DB342C5A1C2000E24F9C /* UberClone.app */,
			);
			name = Products;
			sourceTree = "<group>";
		};
		6E32DB362C5A1C2000E24F9C /* UberClone */ = {
			isa = PBXGroup;
			children = (
				6E32DB542C5A244F00E24F9C /* Info.plist */,
				6EFEA9682C848F9A0027CE7F /* GoogleService-Info.plist */,
				6EFEA9652C84633A0027CE7F /* ReusableItems */,
				6E32DB4B2C5A1D2D00E24F9C /* App */,
				6E32DB4A2C5A1D2C00E24F9C /* Core */,
				6E32DB492C5A1D2B00E24F9C /* Extensions */,
				6E32DB482C5A1D2900E24F9C /* Managers */,
				6E32DB452C5A1D1F00E24F9C /* Models */,
				6E32DB3B2C5A1C2200E24F9C /* Assets.xcassets */,
				6E32DB3D2C5A1C2200E24F9C /* Preview Content */,
			);
			path = UberClone;
			sourceTree = "<group>";
		};
		6E32DB3D2C5A1C2200E24F9C /* Preview Content */ = {
			isa = PBXGroup;
			children = (
				6E32DB3E2C5A1C2200E24F9C /* Preview Assets.xcassets */,
			);
			path = "Preview Content";
			sourceTree = "<group>";
		};
		6E32DB452C5A1D1F00E24F9C /* Models */ = {
			isa = PBXGroup;
			children = (
				6E905A992C71020B00E75AF8 /* MapViewState.swift */,
				6E905A9E2C7233DE00E75AF8 /* RideType.swift */,
				6E905AA22C725A6800E75AF8 /* UberLocation.swift */,
				6E3EB4122C8623D100FC3618 /* User.swift */,
			);
			path = Models;
			sourceTree = "<group>";
		};
		6E32DB482C5A1D2900E24F9C /* Managers */ = {
			isa = PBXGroup;
			children = (
				6E32DB522C5A219300E24F9C /* LocationManager.swift */,
			);
			path = Managers;
			sourceTree = "<group>";
		};
		6E32DB492C5A1D2B00E24F9C /* Extensions */ = {
			isa = PBXGroup;
			children = (
				6E905AA02C7251C300E75AF8 /* Double.swift */,
				6E905AA42C73B6E000E75AF8 /* Color.swift */,
			);
			path = Extensions;
			sourceTree = "<group>";
		};
		6E32DB4A2C5A1D2C00E24F9C /* Core */ = {
			isa = PBXGroup;
			children = (
				6EFEA95E2C8363490027CE7F /* Authentication */,
				6E905A9B2C71E8B600E75AF8 /* Trips */,
				6E54145C2C6E068500BE802D /* LocationSearch */,
				6E473A772C6E063D00BBFB7C /* Home */,
			);
			path = Core;
			sourceTree = "<group>";
		};
		6E32DB4B2C5A1D2D00E24F9C /* App */ = {
			isa = PBXGroup;
			children = (
				6E32DB372C5A1C2000E24F9C /* UberCloneApp.swift */,
			);
			path = App;
			sourceTree = "<group>";
		};
		6E32DB4C2C5A1D6A00E24F9C /* Views */ = {
			isa = PBXGroup;
			children = (
				6E32DB4E2C5A1DA300E24F9C /* HomeView.swift */,
				6E32DB502C5A1E6E00E24F9C /* UberMapViewRepresentable.swift */,
				6E5414612C6E19E300BE802D /* MapViewActionButton.swift */,
			);
			path = Views;
			sourceTree = "<group>";
		};
		6E32DB4D2C5A1D6C00E24F9C /* ViewModels */ = {
			isa = PBXGroup;
			children = (
			);
			path = ViewModels;
			sourceTree = "<group>";
		};
		6E473A772C6E063D00BBFB7C /* Home */ = {
			isa = PBXGroup;
			children = (
				6E32DB4D2C5A1D6C00E24F9C /* ViewModels */,
				6E32DB4C2C5A1D6A00E24F9C /* Views */,
			);
			path = Home;
			sourceTree = "<group>";
		};
		6E54145C2C6E068500BE802D /* LocationSearch */ = {
			isa = PBXGroup;
			children = (
				6E54145E2C6E06A800BE802D /* ViewModel */,
				6E54145D2C6E069F00BE802D /* Views */,
			);
			path = LocationSearch;
			sourceTree = "<group>";
		};
		6E54145D2C6E069F00BE802D /* Views */ = {
			isa = PBXGroup;
			children = (
				6E54145F2C6E132E00BE802D /* LocationSearchActivationView.swift */,
				6E5414632C6E1B5300BE802D /* LocationSearchView.swift */,
				6E5414652C6E204000BE802D /* LocationSearchResultCell.swift */,
			);
			path = Views;
			sourceTree = "<group>";
		};
		6E54145E2C6E06A800BE802D /* ViewModel */ = {
			isa = PBXGroup;
			children = (
				6E5414672C6E2F2C00BE802D /* LocationSearchViewModel.swift */,
			);
			path = ViewModel;
			sourceTree = "<group>";
		};
		6E905A9B2C71E8B600E75AF8 /* Trips */ = {
			isa = PBXGroup;
			children = (
				6E905A9C2C71E8DF00E75AF8 /* RideRequestView.swift */,
			);
			path = Trips;
			sourceTree = "<group>";
		};
		6EFEA95E2C8363490027CE7F /* Authentication */ = {
			isa = PBXGroup;
			children = (
				6EFEA95F2C8363650027CE7F /* ViewModel */,
				6EFEA9602C83636E0027CE7F /* Views */,
			);
			path = Authentication;
			sourceTree = "<group>";
		};
		6EFEA95F2C8363650027CE7F /* ViewModel */ = {
			isa = PBXGroup;
			children = (
				6EFEA9712C8495470027CE7F /* AuthViewModel.swift */,
			);
			path = ViewModel;
			sourceTree = "<group>";
		};
		6EFEA9602C83636E0027CE7F /* Views */ = {
			isa = PBXGroup;
			children = (
				6EFEA9612C8364E10027CE7F /* LoginView.swift */,
				6EFEA9632C8364EE0027CE7F /* RegistrationView.swift */,
			);
			path = Views;
			sourceTree = "<group>";
		};
		6EFEA9652C84633A0027CE7F /* ReusableItems */ = {
			isa = PBXGroup;
			children = (
				6EFEA9662C8463690027CE7F /* CustomInputField.swift */,
			);
			path = ReusableItems;
			sourceTree = "<group>";
		};
/* End PBXGroup section */

/* Begin PBXNativeTarget section */
		6E32DB332C5A1C2000E24F9C /* UberClone */ = {
			isa = PBXNativeTarget;
			buildConfigurationList = 6E32DB422C5A1C2200E24F9C /* Build configuration list for PBXNativeTarget "UberClone" */;
			buildPhases = (
				6E32DB302C5A1C2000E24F9C /* Sources */,
				6E32DB312C5A1C2000E24F9C /* Frameworks */,
				6E32DB322C5A1C2000E24F9C /* Resources */,
			);
			buildRules = (
			);
			dependencies = (
			);
			name = UberClone;
			packageProductDependencies = (
				6EFEA96B2C8490B90027CE7F /* FirebaseAuth */,
				6EFEA96D2C8490B90027CE7F /* FirebaseFirestore */,
				6EFEA96F2C8490B90027CE7F /* FirebaseStorage */,
			);
			productName = UberClone;
			productReference = 6E32DB342C5A1C2000E24F9C /* UberClone.app */;
			productType = "com.apple.product-type.application";
		};
/* End PBXNativeTarget section */

/* Begin PBXProject section */
		6E32DB2C2C5A1C2000E24F9C /* Project object */ = {
			isa = PBXProject;
			attributes = {
				BuildIndependentTargetsInParallel = 1;
				LastSwiftUpdateCheck = 1540;
				LastUpgradeCheck = 1540;
				TargetAttributes = {
					6E32DB332C5A1C2000E24F9C = {
						CreatedOnToolsVersion = 15.4;
					};
				};
			};
			buildConfigurationList = 6E32DB2F2C5A1C2000E24F9C /* Build configuration list for PBXProject "UberClone" */;
			compatibilityVersion = "Xcode 14.0";
			developmentRegion = en;
			hasScannedForEncodings = 0;
			knownRegions = (
				en,
				Base,
			);
			mainGroup = 6E32DB2B2C5A1C2000E24F9C;
			packageReferences = (
				6EFEA96A2C8490B90027CE7F /* XCRemoteSwiftPackageReference "firebase-ios-sdk" */,
			);
			productRefGroup = 6E32DB352C5A1C2000E24F9C /* Products */;
			projectDirPath = "";
			projectRoot = "";
			targets = (
				6E32DB332C5A1C2000E24F9C /* UberClone */,
			);
		};
/* End PBXProject section */

/* Begin PBXResourcesBuildPhase section */
		6E32DB322C5A1C2000E24F9C /* Resources */ = {
			isa = PBXResourcesBuildPhase;
			buildActionMask = 2147483647;
			files = (
				6E32DB3F2C5A1C2200E24F9C /* Preview Assets.xcassets in Resources */,
				6E32DB3C2C5A1C2200E24F9C /* Assets.xcassets in Resources */,
				6EFEA9692C848F9A0027CE7F /* GoogleService-Info.plist in Resources */,
			);
			runOnlyForDeploymentPostprocessing = 0;
		};
/* End PBXResourcesBuildPhase section */

/* Begin PBXSourcesBuildPhase section */
		6E32DB302C5A1C2000E24F9C /* Sources */ = {
			isa = PBXSourcesBuildPhase;
			buildActionMask = 2147483647;
			files = (
				6E5414682C6E2F2C00BE802D /* LocationSearchViewModel.swift in Sources */,
				6E5414642C6E1B5300BE802D /* LocationSearchView.swift in Sources */,
				6E32DB532C5A219300E24F9C /* LocationManager.swift in Sources */,
				6E905A9D2C71E8DF00E75AF8 /* RideRequestView.swift in Sources */,
				6E905AA12C7251C300E75AF8 /* Double.swift in Sources */,
				6E905A9A2C71020B00E75AF8 /* MapViewState.swift in Sources */,
				6EFEA9722C8495470027CE7F /* AuthViewModel.swift in Sources */,
				6E5414622C6E19E300BE802D /* MapViewActionButton.swift in Sources */,
				6E3EB4132C8623D100FC3618 /* User.swift in Sources */,
				6E32DB382C5A1C2000E24F9C /* UberCloneApp.swift in Sources */,
				6EFEA9642C8364EE0027CE7F /* RegistrationView.swift in Sources */,
				6E905AA52C73B6E000E75AF8 /* Color.swift in Sources */,
				6E32DB512C5A1E6E00E24F9C /* UberMapViewRepresentable.swift in Sources */,
				6E32DB4F2C5A1DA300E24F9C /* HomeView.swift in Sources */,
				6E905AA32C725A6800E75AF8 /* UberLocation.swift in Sources */,
				6E5414602C6E132E00BE802D /* LocationSearchActivationView.swift in Sources */,
				6E5414662C6E204000BE802D /* LocationSearchResultCell.swift in Sources */,
				6EFEA9622C8364E10027CE7F /* LoginView.swift in Sources */,
				6EFEA9672C8463690027CE7F /* CustomInputField.swift in Sources */,
				6E905A9F2C7233DE00E75AF8 /* RideType.swift in Sources */,
			);
			runOnlyForDeploymentPostprocessing = 0;
		};
/* End PBXSourcesBuildPhase section */

/* Begin XCBuildConfiguration section */
		6E32DB402C5A1C2200E24F9C /* Debug */ = {
			isa = XCBuildConfiguration;
			buildSettings = {
				ALWAYS_SEARCH_USER_PATHS = NO;
				ASSETCATALOG_COMPILER_GENERATE_SWIFT_ASSET_SYMBOL_EXTENSIONS = YES;
				CLANG_ANALYZER_NONNULL = YES;
				CLANG_ANALYZER_NUMBER_OBJECT_CONVERSION = YES_AGGRESSIVE;
				CLANG_CXX_LANGUAGE_STANDARD = "gnu++20";
				CLANG_ENABLE_MODULES = YES;
				CLANG_ENABLE_OBJC_ARC = YES;
				CLANG_ENABLE_OBJC_WEAK = YES;
				CLANG_WARN_BLOCK_CAPTURE_AUTORELEASING = YES;
				CLANG_WARN_BOOL_CONVERSION = YES;
				CLANG_WARN_COMMA = YES;
				CLANG_WARN_CONSTANT_CONVERSION = YES;
				CLANG_WARN_DEPRECATED_OBJC_IMPLEMENTATIONS = YES;
				CLANG_WARN_DIRECT_OBJC_ISA_USAGE = YES_ERROR;
				CLANG_WARN_DOCUMENTATION_COMMENTS = YES;
				CLANG_WARN_EMPTY_BODY = YES;
				CLANG_WARN_ENUM_CONVERSION = YES;
				CLANG_WARN_INFINITE_RECURSION = YES;
				CLANG_WARN_INT_CONVERSION = YES;
				CLANG_WARN_NON_LITERAL_NULL_CONVERSION = YES;
				CLANG_WARN_OBJC_IMPLICIT_RETAIN_SELF = YES;
				CLANG_WARN_OBJC_LITERAL_CONVERSION = YES;
				CLANG_WARN_OBJC_ROOT_CLASS = YES_ERROR;
				CLANG_WARN_QUOTED_INCLUDE_IN_FRAMEWORK_HEADER = YES;
				CLANG_WARN_RANGE_LOOP_ANALYSIS = YES;
				CLANG_WARN_STRICT_PROTOTYPES = YES;
				CLANG_WARN_SUSPICIOUS_MOVE = YES;
				CLANG_WARN_UNGUARDED_AVAILABILITY = YES_AGGRESSIVE;
				CLANG_WARN_UNREACHABLE_CODE = YES;
				CLANG_WARN__DUPLICATE_METHOD_MATCH = YES;
				COPY_PHASE_STRIP = NO;
				DEBUG_INFORMATION_FORMAT = dwarf;
				ENABLE_STRICT_OBJC_MSGSEND = YES;
				ENABLE_TESTABILITY = YES;
				ENABLE_USER_SCRIPT_SANDBOXING = YES;
				GCC_C_LANGUAGE_STANDARD = gnu17;
				GCC_DYNAMIC_NO_PIC = NO;
				GCC_NO_COMMON_BLOCKS = YES;
				GCC_OPTIMIZATION_LEVEL = 0;
				GCC_PREPROCESSOR_DEFINITIONS = (
					"DEBUG=1",
					"$(inherited)",
				);
				GCC_WARN_64_TO_32_BIT_CONVERSION = YES;
				GCC_WARN_ABOUT_RETURN_TYPE = YES_ERROR;
				GCC_WARN_UNDECLARED_SELECTOR = YES;
				GCC_WARN_UNINITIALIZED_AUTOS = YES_AGGRESSIVE;
				GCC_WARN_UNUSED_FUNCTION = YES;
				GCC_WARN_UNUSED_VARIABLE = YES;
				IPHONEOS_DEPLOYMENT_TARGET = 17.5;
				LOCALIZATION_PREFERS_STRING_CATALOGS = YES;
				MTL_ENABLE_DEBUG_INFO = INCLUDE_SOURCE;
				MTL_FAST_MATH = YES;
				ONLY_ACTIVE_ARCH = YES;
				SDKROOT = iphoneos;
				SWIFT_ACTIVE_COMPILATION_CONDITIONS = "DEBUG $(inherited)";
				SWIFT_OPTIMIZATION_LEVEL = "-Onone";
			};
			name = Debug;
		};
		6E32DB412C5A1C2200E24F9C /* Release */ = {
			isa = XCBuildConfiguration;
			buildSettings = {
				ALWAYS_SEARCH_USER_PATHS = NO;
				ASSETCATALOG_COMPILER_GENERATE_SWIFT_ASSET_SYMBOL_EXTENSIONS = YES;
				CLANG_ANALYZER_NONNULL = YES;
				CLANG_ANALYZER_NUMBER_OBJECT_CONVERSION = YES_AGGRESSIVE;
				CLANG_CXX_LANGUAGE_STANDARD = "gnu++20";
				CLANG_ENABLE_MODULES = YES;
				CLANG_ENABLE_OBJC_ARC = YES;
				CLANG_ENABLE_OBJC_WEAK = YES;
				CLANG_WARN_BLOCK_CAPTURE_AUTORELEASING = YES;
				CLANG_WARN_BOOL_CONVERSION = YES;
				CLANG_WARN_COMMA = YES;
				CLANG_WARN_CONSTANT_CONVERSION = YES;
				CLANG_WARN_DEPRECATED_OBJC_IMPLEMENTATIONS = YES;
				CLANG_WARN_DIRECT_OBJC_ISA_USAGE = YES_ERROR;
				CLANG_WARN_DOCUMENTATION_COMMENTS = YES;
				CLANG_WARN_EMPTY_BODY = YES;
				CLANG_WARN_ENUM_CONVERSION = YES;
				CLANG_WARN_INFINITE_RECURSION = YES;
				CLANG_WARN_INT_CONVERSION = YES;
				CLANG_WARN_NON_LITERAL_NULL_CONVERSION = YES;
				CLANG_WARN_OBJC_IMPLICIT_RETAIN_SELF = YES;
				CLANG_WARN_OBJC_LITERAL_CONVERSION = YES;
				CLANG_WARN_OBJC_ROOT_CLASS = YES_ERROR;
				CLANG_WARN_QUOTED_INCLUDE_IN_FRAMEWORK_HEADER = YES;
				CLANG_WARN_RANGE_LOOP_ANALYSIS = YES;
				CLANG_WARN_STRICT_PROTOTYPES = YES;
				CLANG_WARN_SUSPICIOUS_MOVE = YES;
				CLANG_WARN_UNGUARDED_AVAILABILITY = YES_AGGRESSIVE;
				CLANG_WARN_UNREACHABLE_CODE = YES;
				CLANG_WARN__DUPLICATE_METHOD_MATCH = YES;
				COPY_PHASE_STRIP = NO;
				DEBUG_INFORMATION_FORMAT = "dwarf-with-dsym";
				ENABLE_NS_ASSERTIONS = NO;
				ENABLE_STRICT_OBJC_MSGSEND = YES;
				ENABLE_USER_SCRIPT_SANDBOXING = YES;
				GCC_C_LANGUAGE_STANDARD = gnu17;
				GCC_NO_COMMON_BLOCKS = YES;
				GCC_WARN_64_TO_32_BIT_CONVERSION = YES;
				GCC_WARN_ABOUT_RETURN_TYPE = YES_ERROR;
				GCC_WARN_UNDECLARED_SELECTOR = YES;
				GCC_WARN_UNINITIALIZED_AUTOS = YES_AGGRESSIVE;
				GCC_WARN_UNUSED_FUNCTION = YES;
				GCC_WARN_UNUSED_VARIABLE = YES;
				IPHONEOS_DEPLOYMENT_TARGET = 17.5;
				LOCALIZATION_PREFERS_STRING_CATALOGS = YES;
				MTL_ENABLE_DEBUG_INFO = NO;
				MTL_FAST_MATH = YES;
				SDKROOT = iphoneos;
				SWIFT_COMPILATION_MODE = wholemodule;
				VALIDATE_PRODUCT = YES;
			};
			name = Release;
		};
		6E32DB432C5A1C2200E24F9C /* Debug */ = {
			isa = XCBuildConfiguration;
			buildSettings = {
				ASSETCATALOG_COMPILER_APPICON_NAME = AppIcon;
				ASSETCATALOG_COMPILER_GLOBAL_ACCENT_COLOR_NAME = AccentColor;
				CODE_SIGN_STYLE = Automatic;
				CURRENT_PROJECT_VERSION = 1;
				DEVELOPMENT_ASSET_PATHS = "\"UberClone/Preview Content\"";
				DEVELOPMENT_TEAM = NH322A5M6D;
				ENABLE_PREVIEWS = YES;
				GENERATE_INFOPLIST_FILE = YES;
				INFOPLIST_FILE = UberClone/Info.plist;
				INFOPLIST_KEY_NSLocationWhenInUseUsageDescription = "Nous avons besoin d'avoir accès à votre localisation pour trouver les Uber à proximité";
				INFOPLIST_KEY_UIApplicationSceneManifest_Generation = YES;
				INFOPLIST_KEY_UIApplicationSupportsIndirectInputEvents = YES;
				INFOPLIST_KEY_UILaunchScreen_Generation = YES;
				INFOPLIST_KEY_UISupportedInterfaceOrientations_iPad = "UIInterfaceOrientationPortrait UIInterfaceOrientationPortraitUpsideDown UIInterfaceOrientationLandscapeLeft UIInterfaceOrientationLandscapeRight";
				INFOPLIST_KEY_UISupportedInterfaceOrientations_iPhone = "UIInterfaceOrientationPortrait UIInterfaceOrientationLandscapeLeft UIInterfaceOrientationLandscapeRight";
				LD_RUNPATH_SEARCH_PATHS = (
					"$(inherited)",
					"@executable_path/Frameworks",
				);
				MARKETING_VERSION = 1.0;
				PRODUCT_BUNDLE_IDENTIFIER = com.LorenzoM.UberClone;
				PRODUCT_NAME = "$(TARGET_NAME)";
				SWIFT_EMIT_LOC_STRINGS = YES;
				SWIFT_VERSION = 5.0;
				TARGETED_DEVICE_FAMILY = "1,2";
			};
			name = Debug;
		};
		6E32DB442C5A1C2200E24F9C /* Release */ = {
			isa = XCBuildConfiguration;
			buildSettings = {
				ASSETCATALOG_COMPILER_APPICON_NAME = AppIcon;
				ASSETCATALOG_COMPILER_GLOBAL_ACCENT_COLOR_NAME = AccentColor;
				CODE_SIGN_STYLE = Automatic;
				CURRENT_PROJECT_VERSION = 1;
				DEVELOPMENT_ASSET_PATHS = "\"UberClone/Preview Content\"";
				DEVELOPMENT_TEAM = NH322A5M6D;
				ENABLE_PREVIEWS = YES;
				GENERATE_INFOPLIST_FILE = YES;
				INFOPLIST_FILE = UberClone/Info.plist;
				INFOPLIST_KEY_NSLocationWhenInUseUsageDescription = "Nous avons besoin d'avoir accès à votre localisation pour trouver les Uber à proximité";
				INFOPLIST_KEY_UIApplicationSceneManifest_Generation = YES;
				INFOPLIST_KEY_UIApplicationSupportsIndirectInputEvents = YES;
				INFOPLIST_KEY_UILaunchScreen_Generation = YES;
				INFOPLIST_KEY_UISupportedInterfaceOrientations_iPad = "UIInterfaceOrientationPortrait UIInterfaceOrientationPortraitUpsideDown UIInterfaceOrientationLandscapeLeft UIInterfaceOrientationLandscapeRight";
				INFOPLIST_KEY_UISupportedInterfaceOrientations_iPhone = "UIInterfaceOrientationPortrait UIInterfaceOrientationLandscapeLeft UIInterfaceOrientationLandscapeRight";
				LD_RUNPATH_SEARCH_PATHS = (
					"$(inherited)",
					"@executable_path/Frameworks",
				);
				MARKETING_VERSION = 1.0;
				PRODUCT_BUNDLE_IDENTIFIER = com.LorenzoM.UberClone;
				PRODUCT_NAME = "$(TARGET_NAME)";
				SWIFT_EMIT_LOC_STRINGS = YES;
				SWIFT_VERSION = 5.0;
				TARGETED_DEVICE_FAMILY = "1,2";
			};
			name = Release;
		};
/* End XCBuildConfiguration section */

/* Begin XCConfigurationList section */
		6E32DB2F2C5A1C2000E24F9C /* Build configuration list for PBXProject "UberClone" */ = {
			isa = XCConfigurationList;
			buildConfigurations = (
				6E32DB402C5A1C2200E24F9C /* Debug */,
				6E32DB412C5A1C2200E24F9C /* Release */,
			);
			defaultConfigurationIsVisible = 0;
			defaultConfigurationName = Release;
		};
		6E32DB422C5A1C2200E24F9C /* Build configuration list for PBXNativeTarget "UberClone" */ = {
			isa = XCConfigurationList;
			buildConfigurations = (
				6E32DB432C5A1C2200E24F9C /* Debug */,
				6E32DB442C5A1C2200E24F9C /* Release */,
			);
			defaultConfigurationIsVisible = 0;
			defaultConfigurationName = Release;
		};
/* End XCConfigurationList section */

/* Begin XCRemoteSwiftPackageReference section */
		6EFEA96A2C8490B90027CE7F /* XCRemoteSwiftPackageReference "firebase-ios-sdk" */ = {
			isa = XCRemoteSwiftPackageReference;
			repositoryURL = "https://github.com/firebase/firebase-ios-sdk";
			requirement = {
				kind = upToNextMajorVersion;
				minimumVersion = 11.1.0;
			};
		};
/* End XCRemoteSwiftPackageReference section */

/* Begin XCSwiftPackageProductDependency section */
		6EFEA96B2C8490B90027CE7F /* FirebaseAuth */ = {
			isa = XCSwiftPackageProductDependency;
			package = 6EFEA96A2C8490B90027CE7F /* XCRemoteSwiftPackageReference "firebase-ios-sdk" */;
			productName = FirebaseAuth;
		};
		6EFEA96D2C8490B90027CE7F /* FirebaseFirestore */ = {
			isa = XCSwiftPackageProductDependency;
			package = 6EFEA96A2C8490B90027CE7F /* XCRemoteSwiftPackageReference "firebase-ios-sdk" */;
			productName = FirebaseFirestore;
		};
		6EFEA96F2C8490B90027CE7F /* FirebaseStorage */ = {
			isa = XCSwiftPackageProductDependency;
			package = 6EFEA96A2C8490B90027CE7F /* XCRemoteSwiftPackageReference "firebase-ios-sdk" */;
			productName = FirebaseStorage;
		};
/* End XCSwiftPackageProductDependency section */
	};
	rootObject = 6E32DB2C2C5A1C2000E24F9C /* Project object */;
}
